
Microsoft Visual Studio Solution File, Format Version 12.00
# Visual Studio 14
VisualStudioVersion = 14.0.24720.0
MinimumVisualStudioVersion = 10.0.40219.1
Project("{FAE04EC0-301F-11D3-BF4B-00C04F79EFBC}") = "UIAssistant", "UIAssistant\UIAssistant.csproj", "{7D14D0EF-21AD-4385-91A4-D458FBBDDAE0}"
	ProjectSection(ProjectDependencies) = postProject
		{B0744325-4B37-44F4-BB5D-683667F3F3EE} = {B0744325-4B37-44F4-BB5D-683667F3F3EE}
		{CD70037D-4B69-4C5D-8882-5DB95FDD5127} = {CD70037D-4B69-4C5D-8882-5DB95FDD5127}
		{DD89B0BF-B416-4329-8F9A-31051E810740} = {DD89B0BF-B416-4329-8F9A-31051E810740}
	EndProjectSection
EndProject
Project("{FAE04EC0-301F-11D3-BF4B-00C04F79EFBC}") = "UIAssistant.Utility", "UIAssistant.Utility\UIAssistant.Utility.csproj", "{9C9EBD40-2656-4217-9BD3-3CBA29F95DBB}"
EndProject
Project("{FAE04EC0-301F-11D3-BF4B-00C04F79EFBC}") = "UIAssistant.Core", "UIAssistant.Core\UIAssistant.Core.csproj", "{A1D8D3E3-6075-4C68-8D27-7F113A2C7755}"
EndProject
Project("{FAE04EC0-301F-11D3-BF4B-00C04F79EFBC}") = "UIAssistant.Plugin", "UIAssistant.Plugin\UIAssistant.Plugin.csproj", "{F8038B99-5E66-40D3-B8EE-576B1BC34502}"
EndProject
Project("{2150E333-8FDC-42A3-9474-1A3956D46DE8}") = "Plugins", "Plugins", "{A5476065-37DB-42A6-A2A6-93F60B245381}"
EndProject
Project("{FAE04EC0-301F-11D3-BF4B-00C04F79EFBC}") = "HitaHint", "Plugins\HitaHint\HitaHint.csproj", "{DD89B0BF-B416-4329-8F9A-31051E810740}"
EndProject
Project("{FAE04EC0-301F-11D3-BF4B-00C04F79EFBC}") = "SearchByText", "Plugins\SearchByText\SearchByText.csproj", "{CD70037D-4B69-4C5D-8882-5DB95FDD5127}"
EndProject
Project("{FAE04EC0-301F-11D3-BF4B-00C04F79EFBC}") = "UIAssistant.UI", "UIAssistant.UI\UIAssistant.UI.csproj", "{7A300BC2-C0B0-4BBF-B689-E86E493BF3A0}"
EndProject
Project("{FAE04EC0-301F-11D3-BF4B-00C04F79EFBC}") = "MouseEmulation", "Plugins\MouseEmulation\MouseEmulation.csproj", "{B0744325-4B37-44F4-BB5D-683667F3F3EE}"
EndProject
Global
	GlobalSection(SolutionConfigurationPlatforms) = preSolution
		Debug|Any CPU = Debug|Any CPU
		Debug|x86 = Debug|x86
		Release|Any CPU = Release|Any CPU
		Release|x86 = Release|x86
	EndGlobalSection
	GlobalSection(ProjectConfigurationPlatforms) = postSolution
		{7D14D0EF-21AD-4385-91A4-D458FBBDDAE0}.Debug|Any CPU.ActiveCfg = Debug|Any CPU
		{7D14D0EF-21AD-4385-91A4-D458FBBDDAE0}.Debug|Any CPU.Build.0 = Debug|Any CPU
		{7D14D0EF-21AD-4385-91A4-D458FBBDDAE0}.Debug|x86.ActiveCfg = Debug|x86
		{7D14D0EF-21AD-4385-91A4-D458FBBDDAE0}.Debug|x86.Build.0 = Debug|x86
		{7D14D0EF-21AD-4385-91A4-D458FBBDDAE0}.Release|Any CPU.ActiveCfg = Release|Any CPU
		{7D14D0EF-21AD-4385-91A4-D458FBBDDAE0}.Release|Any CPU.Build.0 = Release|Any CPU
		{7D14D0EF-21AD-4385-91A4-D458FBBDDAE0}.Release|x86.ActiveCfg = Release|x86
		{7D14D0EF-21AD-4385-91A4-D458FBBDDAE0}.Release|x86.Build.0 = Release|x86
		{9C9EBD40-2656-4217-9BD3-3CBA29F95DBB}.Debug|Any CPU.ActiveCfg = Debug|Any CPU
		{9C9EBD40-2656-4217-9BD3-3CBA29F95DBB}.Debug|Any CPU.Build.0 = Debug|Any CPU
		{9C9EBD40-2656-4217-9BD3-3CBA29F95DBB}.Debug|x86.ActiveCfg = Debug|Any CPU
		{9C9EBD40-2656-4217-9BD3-3CBA29F95DBB}.Debug|x86.Build.0 = Debug|Any CPU
		{9C9EBD40-2656-4217-9BD3-3CBA29F95DBB}.Release|Any CPU.ActiveCfg = Release|Any CPU
		{9C9EBD40-2656-4217-9BD3-3CBA29F95DBB}.Release|Any CPU.Build.0 = Release|Any CPU
		{9C9EBD40-2656-4217-9BD3-3CBA29F95DBB}.Release|x86.ActiveCfg = Release|Any CPU
		{9C9EBD40-2656-4217-9BD3-3CBA29F95DBB}.Release|x86.Build.0 = Release|Any CPU
		{A1D8D3E3-6075-4C68-8D27-7F113A2C7755}.Debug|Any CPU.ActiveCfg = Debug|Any CPU
		{A1D8D3E3-6075-4C68-8D27-7F113A2C7755}.Debug|Any CPU.Build.0 = Debug|Any CPU
		{A1D8D3E3-6075-4C68-8D27-7F113A2C7755}.Debug|x86.ActiveCfg = Debug|Any CPU
		{A1D8D3E3-6075-4C68-8D27-7F113A2C7755}.Debug|x86.Build.0 = Debug|Any CPU
		{A1D8D3E3-6075-4C68-8D27-7F113A2C7755}.Release|Any CPU.ActiveCfg = Release|Any CPU
		{A1D8D3E3-6075-4C68-8D27-7F113A2C7755}.Release|Any CPU.Build.0 = Release|Any CPU
		{A1D8D3E3-6075-4C68-8D27-7F113A2C7755}.Release|x86.ActiveCfg = Release|Any CPU
		{A1D8D3E3-6075-4C68-8D27-7F113A2C7755}.Release|x86.Build.0 = Release|Any CPU
		{F8038B99-5E66-40D3-B8EE-576B1BC34502}.Debug|Any CPU.ActiveCfg = Debug|Any CPU
		{F8038B99-5E66-40D3-B8EE-576B1BC34502}.Debug|Any CPU.Build.0 = Debug|Any CPU
		{F8038B99-5E66-40D3-B8EE-576B1BC34502}.Debug|x86.ActiveCfg = Debug|Any CPU
		{F8038B99-5E66-40D3-B8EE-576B1BC34502}.Debug|x86.Build.0 = Debug|Any CPU
		{F8038B99-5E66-40D3-B8EE-576B1BC34502}.Release|Any CPU.ActiveCfg = Release|Any CPU
		{F8038B99-5E66-40D3-B8EE-576B1BC34502}.Release|Any CPU.Build.0 = Release|Any CPU
		{F8038B99-5E66-40D3-B8EE-576B1BC34502}.Release|x86.ActiveCfg = Release|Any CPU
		{F8038B99-5E66-40D3-B8EE-576B1BC34502}.Release|x86.Build.0 = Release|Any CPU
		{DD89B0BF-B416-4329-8F9A-31051E810740}.Debug|Any CPU.ActiveCfg = Debug|Any CPU
		{DD89B0BF-B416-4329-8F9A-31051E810740}.Debug|Any CPU.Build.0 = Debug|Any CPU
		{DD89B0BF-B416-4329-8F9A-31051E810740}.Debug|x86.ActiveCfg = Debug|Any CPU
		{DD89B0BF-B416-4329-8F9A-31051E810740}.Debug|x86.Build.0 = Debug|Any CPU
		{DD89B0BF-B416-4329-8F9A-31051E810740}.Release|Any CPU.ActiveCfg = Release|Any CPU
		{DD89B0BF-B416-4329-8F9A-31051E810740}.Release|Any CPU.Build.0 = Release|Any CPU
		{DD89B0BF-B416-4329-8F9A-31051E810740}.Release|x86.ActiveCfg = Release|Any CPU
		{DD89B0BF-B416-4329-8F9A-31051E810740}.Release|x86.Build.0 = Release|Any CPU
		{CD70037D-4B69-4C5D-8882-5DB95FDD5127}.Debug|Any CPU.ActiveCfg = Debug|Any CPU
		{CD70037D-4B69-4C5D-8882-5DB95FDD5127}.Debug|Any CPU.Build.0 = Debug|Any CPU
		{CD70037D-4B69-4C5D-8882-5DB95FDD5127}.Debug|x86.ActiveCfg = Debug|Any CPU
		{CD70037D-4B69-4C5D-8882-5DB95FDD5127}.Debug|x86.Build.0 = Debug|Any CPU
		{CD70037D-4B69-4C5D-8882-5DB95FDD5127}.Release|Any CPU.ActiveCfg = Release|Any CPU
		{CD70037D-4B69-4C5D-8882-5DB95FDD5127}.Release|Any CPU.Build.0 = Release|Any CPU
		{CD70037D-4B69-4C5D-8882-5DB95FDD5127}.Release|x86.ActiveCfg = Release|Any CPU
		{CD70037D-4B69-4C5D-8882-5DB95FDD5127}.Release|x86.Build.0 = Release|Any CPU
		{7A300BC2-C0B0-4BBF-B689-E86E493BF3A0}.Debug|Any CPU.ActiveCfg = Debug|Any CPU
		{7A300BC2-C0B0-4BBF-B689-E86E493BF3A0}.Debug|Any CPU.Build.0 = Debug|Any CPU
		{7A300BC2-C0B0-4BBF-B689-E86E493BF3A0}.Debug|x86.ActiveCfg = Debug|Any CPU
		{7A300BC2-C0B0-4BBF-B689-E86E493BF3A0}.Debug|x86.Build.0 = Debug|Any CPU
		{7A300BC2-C0B0-4BBF-B689-E86E493BF3A0}.Release|Any CPU.ActiveCfg = Release|Any CPU
		{7A300BC2-C0B0-4BBF-B689-E86E493BF3A0}.Release|Any CPU.Build.0 = Release|Any CPU
		{7A300BC2-C0B0-4BBF-B689-E86E493BF3A0}.Release|x86.ActiveCfg = Release|Any CPU
		{7A300BC2-C0B0-4BBF-B689-E86E493BF3A0}.Release|x86.Build.0 = Release|Any CPU
		{B0744325-4B37-44F4-BB5D-683667F3F3EE}.Debug|Any CPU.ActiveCfg = Debug|Any CPU
		{B0744325-4B37-44F4-BB5D-683667F3F3EE}.Debug|Any CPU.Build.0 = Debug|Any CPU
		{B0744325-4B37-44F4-BB5D-683667F3F3EE}.Debug|x86.ActiveCfg = Debug|Any CPU
		{B0744325-4B37-44F4-BB5D-683667F3F3EE}.Debug|x86.Build.0 = Debug|Any CPU
		{B0744325-4B37-44F4-BB5D-683667F3F3EE}.Release|Any CPU.ActiveCfg = Release|Any CPU
		{B0744325-4B37-44F4-BB5D-683667F3F3EE}.Release|Any CPU.Build.0 = Release|Any CPU
		{B0744325-4B37-44F4-BB5D-683667F3F3EE}.Release|x86.ActiveCfg = Release|Any CPU
		{B0744325-4B37-44F4-BB5D-683667F3F3EE}.Release|x86.Build.0 = Release|Any CPU
	EndGlobalSection
	GlobalSection(SolutionProperties) = preSolution
		HideSolutionNode = FALSE
	EndGlobalSection
	GlobalSection(NestedProjects) = preSolution
		{DD89B0BF-B416-4329-8F9A-31051E810740} = {A5476065-37DB-42A6-A2A6-93F60B245381}
		{CD70037D-4B69-4C5D-8882-5DB95FDD5127} = {A5476065-37DB-42A6-A2A6-93F60B245381}
		{B0744325-4B37-44F4-BB5D-683667F3F3EE} = {A5476065-37DB-42A6-A2A6-93F60B245381}
	EndGlobalSection
EndGlobal
